{
  "pins" : [
    {
      "identity" : "axswift",
      "kind" : "remoteSourceControl",
      "location" : "https://github.com/clavierorg/AXSwift.git",
      "state" : {
        "revision" : "191440838c70c9ceb4ccc6d81d310507b7bc8589",
        "version" : "0.3.4"
      }
    },
    {
      "identity" : "keysender",
      "kind" : "remoteSourceControl",
      "location" : "https://github.com/jordanbaird/KeySender",
      "state" : {
        "revision" : "99584bf1a03ab600cc44be89a2dcd98b2dbeb9de",
        "version" : "0.0.5"
      }
    }
  ],
  "version" : 2
}
